github.com/dcjulian29/go-toolbox v0.33.1 h1:n/e02CCz2aDsVDexp+AH54rDlZbh8Syt0IbdQXq+h1k=
github.com/dcjulian29/go-toolbox v0.33.1/go.mod h1:dSOGZoCgEzBXgyoaHC48DQE12kOBTzz97s2pzdH1ZGQ=
golang.org/x/sys v0.48.0 h1:bbX/i/6MgT9BVLM9RT1thmxL04yeTAhbEz4SyadbXoo=
golang.org/x/sys v0.48.0/go.mod h1:hNLxWAXmnKAxqDtdwIYC4bM9oQPEecfsnNMuSxOs3og=
golang.org/x/term v0.46.0 h1:3+OXuTbaKDgwk8jTi3aSLHRlmWqHEUDUtxnbFigO4YE=
golang.org/x/term v0.46.0/go.mod h1:+K02xbkittuwc0Am4abfA3Fc+XRGXkvBXNO88NCXPoc=
